
Microsoft Visual Studio Solution File, Format Version 12.00
# Visual Studio 15
VisualStudioVersion = 15.0.26730.16
MinimumVisualStudioVersion = 10.0.40219.1
Project("{FAE04EC0-301F-11D3-BF4B-00C04F79EFBC}") = "OfficeManagement", "OfficeManagement\OfficeManagement.csproj", "{D73B5A11-F5CE-468B-8873-76BCA77D2DB0}"
EndProject
Global
	GlobalSection(SolutionConfigurationPlatforms) = preSolution
		Debug|Any CPU = Debug|Any CPU
		Debug|x86 = Debug|x86
		Release|Any CPU = Release|Any CPU
		Release|x86 = Release|x86
	EndGlobalSection
	GlobalSection(ProjectConfigurationPlatforms) = postSolution
		{D73B5A11-F5CE-468B-8873-76BCA77D2DB0}.Debug|Any CPU.ActiveCfg = Debug|Any CPU
		{D73B5A11-F5CE-468B-8873-76BCA77D2DB0}.Debug|Any CPU.Build.0 = Debug|Any CPU
		{D73B5A11-F5CE-468B-8873-76BCA77D2DB0}.Debug|x86.ActiveCfg = Debug|x86
		{D73B5A11-F5CE-468B-8873-76BCA77D2DB0}.Debug|x86.Build.0 = Debug|x86
		{D73B5A11-F5CE-468B-8873-76BCA77D2DB0}.Release|Any CPU.ActiveCfg = Release|Any CPU
		{D73B5A11-F5CE-468B-8873-76BCA77D2DB0}.Release|Any CPU.Build.0 = Release|Any CPU
		{D73B5A11-F5CE-468B-8873-76BCA77D2DB0}.Release|x86.ActiveCfg = Release|x86
		{D73B5A11-F5CE-468B-8873-76BCA77D2DB0}.Release|x86.Build.0 = Release|x86
	EndGlobalSection
	GlobalSection(SolutionProperties) = preSolution
		HideSolutionNode = FALSE
	EndGlobalSection
	GlobalSection(ExtensibilityGlobals) = postSolution
		SolutionGuid = {D4DFC808-42C7-4159-9A4D-6EA7A09744B5}
	EndGlobalSection
EndGlobal
